
Microsoft Visual Studio Solution File, Format Version 12.00
# Visual Studio Version 17
VisualStudioVersion = 17.11.35327.3
MinimumVisualStudioVersion = 10.0.40219.1
Project("{FAE04EC0-301F-11D3-BF4B-00C04F79EFBC}") = "Loja", "Loja\Loja.csproj", "{41B93A26-138F-4A8C-AF60-C758D8EB157F}"
EndProject
Global
	GlobalSection(SolutionConfigurationPlatforms) = preSolution
		Debug|Any CPU = Debug|Any CPU
		Release|Any CPU = Release|Any CPU
	EndGlobalSection
	GlobalSection(ProjectConfigurationPlatforms) = postSolution
		{41B93A26-138F-4A8C-AF60-C758D8EB157F}.Debug|Any CPU.ActiveCfg = Debug|Any CPU
		{41B93A26-138F-4A8C-AF60-C758D8EB157F}.Debug|Any CPU.Build.0 = Debug|Any CPU
		{41B93A26-138F-4A8C-AF60-C758D8EB157F}.Release|Any CPU.ActiveCfg = Release|Any CPU
		{41B93A26-138F-4A8C-AF60-C758D8EB157F}.Release|Any CPU.Build.0 = Release|Any CPU
	EndGlobalSection
	GlobalSection(SolutionProperties) = preSolution
		HideSolutionNode = FALSE
	EndGlobalSection
	GlobalSection(ExtensibilityGlobals) = postSolution
		SolutionGuid = {991E9D3E-F91A-4923-9DE7-F8F0CB3CBD2E}
	EndGlobalSection
EndGlobal
